
Microsoft Visual Studio Solution File, Format Version 12.00
# Visual Studio Version 16
VisualStudioVersion = 16.0.31229.75
MinimumVisualStudioVersion = 10.0.40219.1
Project("{FAE04EC0-301F-11D3-BF4B-00C04F79EFBC}") = "RecursiveSum", "RecursiveSum\RecursiveSum.csproj", "{73B1C5BC-483D-498D-BCBA-D936EF67769F}"
EndProject
Global
	GlobalSection(SolutionConfigurationPlatforms) = preSolution
		Debug|Any CPU = Debug|Any CPU
		Release|Any CPU = Release|Any CPU
	EndGlobalSection
	GlobalSection(ProjectConfigurationPlatforms) = postSolution
		{73B1C5BC-483D-498D-BCBA-D936EF67769F}.Debug|Any CPU.ActiveCfg = Debug|Any CPU
		{73B1C5BC-483D-498D-BCBA-D936EF67769F}.Debug|Any CPU.Build.0 = Debug|Any CPU
		{73B1C5BC-483D-498D-BCBA-D936EF67769F}.Release|Any CPU.ActiveCfg = Release|Any CPU
		{73B1C5BC-483D-498D-BCBA-D936EF67769F}.Release|Any CPU.Build.0 = Release|Any CPU
	EndGlobalSection
	GlobalSection(SolutionProperties) = preSolution
		HideSolutionNode = FALSE
	EndGlobalSection
	GlobalSection(ExtensibilityGlobals) = postSolution
		SolutionGuid = {17683847-B8FA-4A7C-AF41-4039D04504D0}
	EndGlobalSection
EndGlobal
